<Project xmlns="http://schemas.microsoft.com/developer/msbuild/2003">
  <PropertyGroup>
    <ProjectGuid>{b1872a6d-24dc-4311-904b-977399090b6a}</ProjectGuid>
    <MainSource>RushNAttackEd.dpr</MainSource>
    <Configuration Condition=" '$(Configuration)' == '' ">Debug</Configuration>
    <Platform Condition=" '$(Platform)' == '' ">AnyCPU</Platform>
    <DCC_DCCCompiler>DCC32</DCC_DCCCompiler>
    <DCC_DependencyCheckOutputName>RushNAttackEd.exe</DCC_DependencyCheckOutputName>
  </PropertyGroup>
  <PropertyGroup Condition=" '$(Configuration)|$(Platform)' == 'Release|AnyCPU' ">
    <Version>7.0</Version>
    <DCC_DebugInformation>False</DCC_DebugInformation>
    <DCC_LocalDebugSymbols>False</DCC_LocalDebugSymbols>
    <DCC_SymbolReferenceInfo>0</DCC_SymbolReferenceInfo>
    <DCC_Define>RELEASE</DCC_Define>
  </PropertyGroup>
  <PropertyGroup Condition=" '$(Configuration)|$(Platform)' == 'Debug|AnyCPU' ">
    <Version>7.0</Version>
    <DCC_Define>DEBUG</DCC_Define>
  </PropertyGroup>
  <ProjectExtensions>
    <Borland.Personality>Delphi.Personality</Borland.Personality>
    <Borland.ProjectType>VCLApplication</Borland.ProjectType>
    <BorlandProject>
<BorlandProject><Delphi.Personality><Parameters><Parameters Name="UseLauncher">False</Parameters><Parameters Name="LoadAllSymbols">True</Parameters><Parameters Name="LoadUnspecifiedSymbols">False</Parameters></Parameters><VersionInfo><VersionInfo Name="IncludeVerInfo">True</VersionInfo><VersionInfo Name="AutoIncBuild">False</VersionInfo><VersionInfo Name="MajorVer">1</VersionInfo><VersionInfo Name="MinorVer">0</VersionInfo><VersionInfo Name="Release">0</VersionInfo><VersionInfo Name="Build">0</VersionInfo><VersionInfo Name="Debug">False</VersionInfo><VersionInfo Name="PreRelease">False</VersionInfo><VersionInfo Name="Special">False</VersionInfo><VersionInfo Name="Private">False</VersionInfo><VersionInfo Name="DLL">False</VersionInfo><VersionInfo Name="Locale">2057</VersionInfo><VersionInfo Name="CodePage">1252</VersionInfo></VersionInfo><VersionInfoKeys><VersionInfoKeys Name="CompanyName"></VersionInfoKeys><VersionInfoKeys Name="FileDescription"></VersionInfoKeys><VersionInfoKeys Name="FileVersion">1.0.0.0</VersionInfoKeys><VersionInfoKeys Name="InternalName"></VersionInfoKeys><VersionInfoKeys Name="LegalCopyright"></VersionInfoKeys><VersionInfoKeys Name="LegalTrademarks"></VersionInfoKeys><VersionInfoKeys Name="OriginalFilename"></VersionInfoKeys><VersionInfoKeys Name="ProductName"></VersionInfoKeys><VersionInfoKeys Name="ProductVersion">1.0.0.0</VersionInfoKeys><VersionInfoKeys Name="Comments"></VersionInfoKeys></VersionInfoKeys><Source><Source Name="MainSource">RushNAttackEd.dpr</Source></Source></Delphi.Personality></BorlandProject></BorlandProject>
  </ProjectExtensions>
  <Import Project="$(MSBuildBinPath)\Borland.Delphi.Targets" />
  <ItemGroup>
    <DelphiCompile Include="RushNAttackEd.dpr">
      <MainSource>MainSource</MainSource>
    </DelphiCompile>
    <DCCReference Include="classes_configuration.pas" />
    <DCCReference Include="classes_graphics.pas" />
    <DCCReference Include="classes_level.pas" />
    <DCCReference Include="classes_RNAROM.pas" />
    <DCCReference Include="classes_ROM.pas" />
    <DCCReference Include="frm_About.pas">
      <Form>frmAbout</Form>
    </DCCReference>
    <DCCReference Include="frm_EnemyProp.pas">
      <Form>frmEnemyProperties</Form>
    </DCCReference>
    <DCCReference Include="frm_JumpTo.pas">
      <Form>frmJumpTo</Form>
    </DCCReference>
    <DCCReference Include="frm_OpenDialog.pas">
      <Form>frmOpenDialog</Form>
    </DCCReference>
    <DCCReference Include="frm_Palette.pas">
      <Form>frmPaletteEditor</Form>
    </DCCReference>
    <DCCReference Include="frm_Preferences.pas">
      <Form>frmPreferences</Form>
    </DCCReference>
    <DCCReference Include="frm_Prop.pas">
      <Form>frmProperties</Form>
    </DCCReference>
    <DCCReference Include="frm_ROMProp.pas">
      <Form>frmROMProperties</Form>
    </DCCReference>
    <DCCReference Include="frm_RushNAttackMain.pas">
      <Form>frmRushNAttackEditor</Form>
    </DCCReference>
    <DCCReference Include="frm_TileEditor.pas">
      <Form>frm8x8TileEditor</Form>
    </DCCReference>
    <DCCReference Include="frm_TSA.pas">
      <Form>frmTSAEditor</Form>
    </DCCReference>
    <DCCReference Include="unit_global.pas" />
    <DCCReference Include="unit_lunarcompress.pas" />
  </ItemGroup>
</Project>